{
  "name": "axum",
  "version": "0.1.0",
  "lockfileVersion": 3,
  "requires": true,
  "packages": {
    "": {
      "name": "axum",
      "version": "0.1.0",
      "license": "FSL-1.1-ALv2",
      "bin": {
        "axum": "bin/axum.js"
      },
      "engines": {
        "node": ">=18"
      }
    }
  }
}
