{
  "name": "axum",
  "version": "0.1.3",
  "lockfileVersion": 3,
  "requires": true,
  "packages": {
    "": {
      "name": "axum",
      "version": "0.1.3",
      "license": "FSL-1.1-ALv2",
      "bin": {
        "axum": "bin/axum.js",
        "code": "bin/code.js"
      },
      "engines": {
        "node": ">=22.19.0"
      }
    }
  }
}
